
Microsoft Visual Studio Solution File, Format Version 12.00
# Visual Studio 15
VisualStudioVersion = 15.0.28307.757
MinimumVisualStudioVersion = 10.0.40219.1
Project("{FAE04EC0-301F-11D3-BF4B-00C04F79EFBC}") = "SimpleQuiz", "SimpleQuiz\SimpleQuiz.csproj", "{D4C12838-EF06-4CD8-8425-FB56C7A7706C}"
EndProject
Global
	GlobalSection(SolutionConfigurationPlatforms) = preSolution
		Debug|Any CPU = Debug|Any CPU
		Release|Any CPU = Release|Any CPU
	EndGlobalSection
	GlobalSection(ProjectConfigurationPlatforms) = postSolution
		{D4C12838-EF06-4CD8-8425-FB56C7A7706C}.Debug|Any CPU.ActiveCfg = Debug|Any CPU
		{D4C12838-EF06-4CD8-8425-FB56C7A7706C}.Debug|Any CPU.Build.0 = Debug|Any CPU
		{D4C12838-EF06-4CD8-8425-FB56C7A7706C}.Release|Any CPU.ActiveCfg = Release|Any CPU
		{D4C12838-EF06-4CD8-8425-FB56C7A7706C}.Release|Any CPU.Build.0 = Release|Any CPU
	EndGlobalSection
	GlobalSection(SolutionProperties) = preSolution
		HideSolutionNode = FALSE
	EndGlobalSection
	GlobalSection(ExtensibilityGlobals) = postSolution
		SolutionGuid = {A1798D8C-FDA0-43E6-BB7D-1FE38E448973}
	EndGlobalSection
EndGlobal
